// !$*UTF8*$!
{
	archiveVersion = 1;
	classes = {
	};
	objectVersion = 46;
	objects = {

/* Begin PBXBuildFile section */
		CBEE67311AFECEF0001390D1 /* main.m in Sources */ = {isa = PBXBuildFile; fileRef = CBEE67301AFECEF0001390D1 /* main.m */; };
		CBEE67341AFECEF0001390D1 /* AppDelegate.m in Sources */ = {isa = PBXBuildFile; fileRef = CBEE67331AFECEF0001390D1 /* AppDelegate.m */; };
		CBEE67371AFECEF0001390D1 /* ViewController.m in Sources */ = {isa = PBXBuildFile; fileRef = CBEE67361AFECEF0001390D1 /* ViewController.m */; };
		CBEE673C1AFECEF0001390D1 /* Images.xcassets in Resources */ = {isa = PBXBuildFile; fileRef = CBEE673B1AFECEF0001390D1 /* Images.xcassets */; };
		CBEE673F1AFECEF0001390D1 /* LaunchScreen.xib in Resources */ = {isa = PBXBuildFile; fileRef = CBEE673D1AFECEF0001390D1 /* LaunchScreen.xib */; };
		CBEE674B1AFECEF0001390D1 /* RowdenSnowbotTests.m in Sources */ = {isa = PBXBuildFile; fileRef = CBEE674A1AFECEF0001390D1 /* RowdenSnowbotTests.m */; };
/* End PBXBuildFile section */

/* Begin PBXContainerItemProxy section */
		CBEE67451AFECEF0001390D1 /* PBXContainerItemProxy */ = {
			isa = PBXContainerItemProxy;
			containerPortal = CBEE67231AFECEF0001390D1 /* Project object */;
			proxyType = 1;
			remoteGlobalIDString = CBEE672A1AFECEF0001390D1;
			remoteInfo = RowdenSnowbot;
		};
/* End PBXContainerItemProxy section */

/* Begin PBXFileReference section */
		CBEE672B1AFECEF0001390D1 /* RowdenSnowbot.app */ = {isa = PBXFileReference; explicitFileType = wrapper.application; includeInIndex = 0; path = RowdenSnowbot.app; sourceTree = BUILT_PRODUCTS_DIR; };
		CBEE672F1AFECEF0001390D1 /* Info.plist */ = {isa = PBXFileReference; lastKnownFileType = text.plist.xml; path = Info.plist; sourceTree = "<group>"; };
		CBEE67301AFECEF0001390D1 /* main.m */ = {isa = PBXFileReference; lastKnownFileType = sourcecode.c.objc; path = main.m; sourceTree = "<group>"; };
		CBEE67321AFECEF0001390D1 /* AppDelegate.h */ = {isa = PBXFileReference; lastKnownFileType = sourcecode.c.h; path = AppDelegate.h; sourceTree = "<group>"; };
		CBEE67331AFECEF0001390D1 /* AppDelegate.m */ = {isa = PBXFileReference; lastKnownFileType = sourcecode.c.objc; path = AppDelegate.m; sourceTree = "<group>"; };
		CBEE67351AFECEF0001390D1 /* ViewController.h */ = {isa = PBXFileReference; lastKnownFileType = sourcecode.c.h; path = ViewController.h; sourceTree = "<group>"; };
		CBEE67361AFECEF0001390D1 /* ViewController.m */ = {isa = PBXFileReference; lastKnownFileType = sourcecode.c.objc; path = ViewController.m; sourceTree = "<group>"; };
		CBEE673B1AFECEF0001390D1 /* Images.xcassets */ = {isa = PBXFileReference; lastKnownFileType = folder.assetcatalog; path = Images.xcassets; sourceTree = "<group>"; };
		CBEE673E1AFECEF0001390D1 /* Base */ = {isa = PBXFileReference; lastKnownFileType = file.xib; name = Base; path = Base.lproj/LaunchScreen.xib; sourceTree = "<group>"; };
		CBEE67441AFECEF0001390D1 /* RowdenSnowbotTests.xctest */ = {isa = PBXFileReference; explicitFileType = wrapper.cfbundle; includeInIndex = 0; path = RowdenSnowbotTests.xctest; sourceTree = BUILT_PRODUCTS_DIR; };
		CBEE67491AFECEF0001390D1 /* Info.plist */ = {isa = PBXFileReference; lastKnownFileType = text.plist.xml; path = Info.plist; sourceTree = "<group>"; };
		CBEE674A1AFECEF0001390D1 /* RowdenSnowbotTests.m */ = {isa = PBXFileReference; lastKnownFileType = sourcecode.c.objc; path = RowdenSnowbotTests.m; sourceTree = "<group>"; };
/* End PBXFileReference section */

/* Begin PBXFrameworksBuildPhase section */
		CBEE67281AFECEF0001390D1 /* Frameworks */ = {
			isa = PBXFrameworksBuildPhase;
			buildActionMask = 2147483647;
			files = (
			);
			runOnlyForDeploymentPostprocessing = 0;
		};
		CBEE67411AFECEF0001390D1 /* Frameworks */ = {
			isa = PBXFrameworksBuildPhase;
			buildActionMask = 2147483647;
			files = (
			);
			runOnlyForDeploymentPostprocessing = 0;
		};
/* End PBXFrameworksBuildPhase section */

/* Begin PBXGroup section */
		CBEE67221AFECEF0001390D1 = {
			isa = PBXGroup;
			children = (
				CBEE672D1AFECEF0001390D1 /* RowdenSnowbot */,
				CBEE67471AFECEF0001390D1 /* RowdenSnowbotTests */,
				CBEE672C1AFECEF0001390D1 /* Products */,
			);
			sourceTree = "<group>";
		};
		CBEE672C1AFECEF0001390D1 /* Products */ = {
			isa = PBXGroup;
			children = (
				CBEE672B1AFECEF0001390D1 /* RowdenSnowbot.app */,
				CBEE67441AFECEF0001390D1 /* RowdenSnowbotTests.xctest */,
			);
			name = Products;
			sourceTree = "<group>";
		};
		CBEE672D1AFECEF0001390D1 /* RowdenSnowbot */ = {
			isa = PBXGroup;
			children = (
				CBEE67321AFECEF0001390D1 /* AppDelegate.h */,
				CBEE67331AFECEF0001390D1 /* AppDelegate.m */,
				CBEE67351AFECEF0001390D1 /* ViewController.h */,
				CBEE67361AFECEF0001390D1 /* ViewController.m */,
				CBEE673B1AFECEF0001390D1 /* Images.xcassets */,
				CBEE673D1AFECEF0001390D1 /* LaunchScreen.xib */,
				CBEE672E1AFECEF0001390D1 /* Supporting Files */,
			);
			path = RowdenSnowbot;
			sourceTree = "<group>";
		};
		CBEE672E1AFECEF0001390D1 /* Supporting Files */ = {
			isa = PBXGroup;
			children = (
				CBEE672F1AFECEF0001390D1 /* Info.plist */,
				CBEE67301AFECEF0001390D1 /* main.m */,
			);
			name = "Supporting Files";
			sourceTree = "<group>";
		};
		CBEE67471AFECEF0001390D1 /* RowdenSnowbotTests */ = {
			isa = PBXGroup;
			children = (
				CBEE674A1AFECEF0001390D1 /* RowdenSnowbotTests.m */,
				CBEE67481AFECEF0001390D1 /* Supporting Files */,
			);
			path = RowdenSnowbotTests;
			sourceTree = "<group>";
		};
		CBEE67481AFECEF0001390D1 /* Supporting Files */ = {
			isa = PBXGroup;
			children = (
				CBEE67491AFECEF0001390D1 /* Info.plist */,
			);
			name = "Supporting Files";
			sourceTree = "<group>";
		};
/* End PBXGroup section */

/* Begin PBXNativeTarget section */
		CBEE672A1AFECEF0001390D1 /* RowdenSnowbot */ = {
			isa = PBXNativeTarget;
			buildConfigurationList = CBEE674E1AFECEF0001390D1 /* Build configuration list for PBXNativeTarget "RowdenSnowbot" */;
			buildPhases = (
				CBEE67271AFECEF0001390D1 /* Sources */,
				CBEE67281AFECEF0001390D1 /* Frameworks */,
				CBEE67291AFECEF0001390D1 /* Resources */,
			);
			buildRules = (
			);
			dependencies = (
			);
			name = RowdenSnowbot;
			productName = RowdenSnowbot;
			productReference = CBEE672B1AFECEF0001390D1 /* RowdenSnowbot.app */;
			productType = "com.apple.product-type.application";
		};
		CBEE67431AFECEF0001390D1 /* RowdenSnowbotTests */ = {
			isa = PBXNativeTarget;
			buildConfigurationList = CBEE67511AFECEF0001390D1 /* Build configuration list for PBXNativeTarget "RowdenSnowbotTests" */;
			buildPhases = (
				CBEE67401AFECEF0001390D1 /* Sources */,
				CBEE67411AFECEF0001390D1 /* Frameworks */,
				CBEE67421AFECEF0001390D1 /* Resources */,
			);
			buildRules = (
			);
			dependencies = (
				CBEE67461AFECEF0001390D1 /* PBXTargetDependency */,
			);
			name = RowdenSnowbotTests;
			productName = RowdenSnowbotTests;
			productReference = CBEE67441AFECEF0001390D1 /* RowdenSnowbotTests.xctest */;
			productType = "com.apple.product-type.bundle.unit-test";
		};
/* End PBXNativeTarget section */

/* Begin PBXProject section */
		CBEE67231AFECEF0001390D1 /* Project object */ = {
			isa = PBXProject;
			attributes = {
				LastUpgradeCheck = 0630;
				ORGANIZATIONNAME = com.stupid.snowbot;
				TargetAttributes = {
					CBEE672A1AFECEF0001390D1 = {
						CreatedOnToolsVersion = 6.3.1;
					};
					CBEE67431AFECEF0001390D1 = {
						CreatedOnToolsVersion = 6.3.1;
						TestTargetID = CBEE672A1AFECEF0001390D1;
					};
				};
			};
			buildConfigurationList = CBEE67261AFECEF0001390D1 /* Build configuration list for PBXProject "RowdenSnowbot" */;
			compatibilityVersion = "Xcode 3.2";
			developmentRegion = English;
			hasScannedForEncodings = 0;
			knownRegions = (
				en,
				Base,
			);
			mainGroup = CBEE67221AFECEF0001390D1;
			productRefGroup = CBEE672C1AFECEF0001390D1 /* Products */;
			projectDirPath = "";
			projectRoot = "";
			targets = (
				CBEE672A1AFECEF0001390D1 /* RowdenSnowbot */,
				CBEE67431AFECEF0001390D1 /* RowdenSnowbotTests */,
			);
		};
/* End PBXProject section */

/* Begin PBXResourcesBuildPhase section */
		CBEE67291AFECEF0001390D1 /* Resources */ = {
			isa = PBXResourcesBuildPhase;
			buildActionMask = 2147483647;
			files = (
				CBEE673F1AFECEF0001390D1 /* LaunchScreen.xib in Resources */,
				CBEE673C1AFECEF0001390D1 /* Images.xcassets in Resources */,
			);
			runOnlyForDeploymentPostprocessing = 0;
		};
		CBEE67421AFECEF0001390D1 /* Resources */ = {
			isa = PBXResourcesBuildPhase;
			buildActionMask = 2147483647;
			files = (
			);
			runOnlyForDeploymentPostprocessing = 0;
		};
/* End PBXResourcesBuildPhase section */

/* Begin PBXSourcesBuildPhase section */
		CBEE67271AFECEF0001390D1 /* Sources */ = {
			isa = PBXSourcesBuildPhase;
			buildActionMask = 2147483647;
			files = (
				CBEE67371AFECEF0001390D1 /* ViewController.m in Sources */,
				CBEE67341AFECEF0001390D1 /* AppDelegate.m in Sources */,
				CBEE67311AFECEF0001390D1 /* main.m in Sources */,
			);
			runOnlyForDeploymentPostprocessing = 0;
		};
		CBEE67401AFECEF0001390D1 /* Sources */ = {
			isa = PBXSourcesBuildPhase;
			buildActionMask = 2147483647;
			files = (
				CBEE674B1AFECEF0001390D1 /* RowdenSnowbotTests.m in Sources */,
			);
			runOnlyForDeploymentPostprocessing = 0;
		};
/* End PBXSourcesBuildPhase section */

/* Begin PBXTargetDependency section */
		CBEE67461AFECEF0001390D1 /* PBXTargetDependency */ = {
			isa = PBXTargetDependency;
			target = CBEE672A1AFECEF0001390D1 /* RowdenSnowbot */;
			targetProxy = CBEE67451AFECEF0001390D1 /* PBXContainerItemProxy */;
		};
/* End PBXTargetDependency section */

/* Begin PBXVariantGroup section */
		CBEE673D1AFECEF0001390D1 /* LaunchScreen.xib */ = {
			isa = PBXVariantGroup;
			children = (
				CBEE673E1AFECEF0001390D1 /* Base */,
			);
			name = LaunchScreen.xib;
			sourceTree = "<group>";
		};
/* End PBXVariantGroup section */

/* Begin XCBuildConfiguration section */
		CBEE674C1AFECEF0001390D1 /* Debug */ = {
			isa = XCBuildConfiguration;
			buildSettings = {
				ALWAYS_SEARCH_USER_PATHS = NO;
				CLANG_CXX_LANGUAGE_STANDARD = "gnu++0x";
				CLANG_CXX_LIBRARY = "libc++";
				CLANG_ENABLE_MODULES = YES;
				CLANG_ENABLE_OBJC_ARC = YES;
				CLANG_WARN_BOOL_CONVERSION = YES;
				CLANG_WARN_CONSTANT_CONVERSION = YES;
				CLANG_WARN_DIRECT_OBJC_ISA_USAGE = YES_ERROR;
				CLANG_WARN_EMPTY_BODY = YES;
				CLANG_WARN_ENUM_CONVERSION = YES;
				CLANG_WARN_INT_CONVERSION = YES;
				CLANG_WARN_OBJC_ROOT_CLASS = YES_ERROR;
				CLANG_WARN_UNREACHABLE_CODE = YES;
				CLANG_WARN__DUPLICATE_METHOD_MATCH = YES;
				"CODE_SIGN_IDENTITY[sdk=iphoneos*]" = "iPhone Developer";
				COPY_PHASE_STRIP = NO;
				DEBUG_INFORMATION_FORMAT = "dwarf-with-dsym";
				ENABLE_STRICT_OBJC_MSGSEND = YES;
				GCC_C_LANGUAGE_STANDARD = gnu99;
				GCC_DYNAMIC_NO_PIC = NO;
				GCC_NO_COMMON_BLOCKS = YES;
				GCC_OPTIMIZATION_LEVEL = 0;
				GCC_PREPROCESSOR_DEFINITIONS = (
					"DEBUG=1",
					"$(inherited)",
				);
				GCC_SYMBOLS_PRIVATE_EXTERN = NO;
				GCC_WARN_64_TO_32_BIT_CONVERSION = YES;
				GCC_WARN_ABOUT_RETURN_TYPE = YES_ERROR;
				GCC_WARN_UNDECLARED_SELECTOR = YES;
				GCC_WARN_UNINITIALIZED_AUTOS = YES_AGGRESSIVE;
				GCC_WARN_UNUSED_FUNCTION = YES;
				GCC_WARN_UNUSED_VARIABLE = YES;
				IPHONEOS_DEPLOYMENT_TARGET = 8.3;
				MTL_ENABLE_DEBUG_INFO = YES;
				ONLY_ACTIVE_ARCH = YES;
				SDKROOT = iphoneos;
			};
			name = Debug;
		};
		CBEE674D1AFECEF0001390D1 /* Release */ = {
			isa = XCBuildConfiguration;
			buildSettings = {
				ALWAYS_SEARCH_USER_PATHS = NO;
				CLANG_CXX_LANGUAGE_STANDARD = "gnu++0x";
				CLANG_CXX_LIBRARY = "libc++";
				CLANG_ENABLE_MODULES = YES;
				CLANG_ENABLE_OBJC_ARC = YES;
				CLANG_WARN_BOOL_CONVERSION = YES;
				CLANG_WARN_CONSTANT_CONVERSION = YES;
				CLANG_WARN_DIRECT_OBJC_ISA_USAGE = YES_ERROR;
				CLANG_WARN_EMPTY_BODY = YES;
				CLANG_WARN_ENUM_CONVERSION = YES;
				CLANG_WARN_INT_CONVERSION = YES;
				CLANG_WARN_OBJC_ROOT_CLASS = YES_ERROR;
				CLANG_WARN_UNREACHABLE_CODE = YES;
				CLANG_WARN__DUPLICATE_METHOD_MATCH = YES;
				"CODE_SIGN_IDENTITY[sdk=iphoneos*]" = "iPhone Developer";
				COPY_PHASE_STRIP = NO;
				DEBUG_INFORMATION_FORMAT = "dwarf-with-dsym";
				ENABLE_NS_ASSERTIONS = NO;
				ENABLE_STRICT_OBJC_MSGSEND = YES;
				GCC_C_LANGUAGE_STANDARD = gnu99;
				GCC_NO_COMMON_BLOCKS = YES;
				GCC_WARN_64_TO_32_BIT_CONVERSION = YES;
				GCC_WARN_ABOUT_RETURN_TYPE = YES_ERROR;
				GCC_WARN_UNDECLARED_SELECTOR = YES;
				GCC_WARN_UNINITIALIZED_AUTOS = YES_AGGRESSIVE;
				GCC_WARN_UNUSED_FUNCTION = YES;
				GCC_WARN_UNUSED_VARIABLE = YES;
				IPHONEOS_DEPLOYMENT_TARGET = 8.3;
				MTL_ENABLE_DEBUG_INFO = NO;
				SDKROOT = iphoneos;
				VALIDATE_PRODUCT = YES;
			};
			name = Release;
		};
		CBEE674F1AFECEF0001390D1 /* Debug */ = {
			isa = XCBuildConfiguration;
			buildSettings = {
				ASSETCATALOG_COMPILER_APPICON_NAME = AppIcon;
				INFOPLIST_FILE = RowdenSnowbot/Info.plist;
				LD_RUNPATH_SEARCH_PATHS = "$(inherited) @executable_path/Frameworks";
				PRODUCT_NAME = "$(TARGET_NAME)";
			};
			name = Debug;
		};
		CBEE67501AFECEF0001390D1 /* Release */ = {
			isa = XCBuildConfiguration;
			buildSettings = {
				ASSETCATALOG_COMPILER_APPICON_NAME = AppIcon;
				INFOPLIST_FILE = RowdenSnowbot/Info.plist;
				LD_RUNPATH_SEARCH_PATHS = "$(inherited) @executable_path/Frameworks";
				PRODUCT_NAME = "$(TARGET_NAME)";
			};
			name = Release;
		};
		CBEE67521AFECEF0001390D1 /* Debug */ = {
			isa = XCBuildConfiguration;
			buildSettings = {
				BUNDLE_LOADER = "$(TEST_HOST)";
				FRAMEWORK_SEARCH_PATHS = (
					"$(SDKROOT)/Developer/Library/Frameworks",
					"$(inherited)",
				);
				GCC_PREPROCESSOR_DEFINITIONS = (
					"DEBUG=1",
					"$(inherited)",
				);
				INFOPLIST_FILE = RowdenSnowbotTests/Info.plist;
				LD_RUNPATH_SEARCH_PATHS = "$(inherited) @executable_path/Frameworks @loader_path/Frameworks";
				PRODUCT_NAME = "$(TARGET_NAME)";
				TEST_HOST = "$(BUILT_PRODUCTS_DIR)/RowdenSnowbot.app/RowdenSnowbot";
			};
			name = Debug;
		};
		CBEE67531AFECEF0001390D1 /* Release */ = {
			isa = XCBuildConfiguration;
			buildSettings = {
				BUNDLE_LOADER = "$(TEST_HOST)";
				FRAMEWORK_SEARCH_PATHS = (
					"$(SDKROOT)/Developer/Library/Frameworks",
					"$(inherited)",
				);
				INFOPLIST_FILE = RowdenSnowbotTests/Info.plist;
				LD_RUNPATH_SEARCH_PATHS = "$(inherited) @executable_path/Frameworks @loader_path/Frameworks";
				PRODUCT_NAME = "$(TARGET_NAME)";
				TEST_HOST = "$(BUILT_PRODUCTS_DIR)/RowdenSnowbot.app/RowdenSnowbot";
			};
			name = Release;
		};
/* End XCBuildConfiguration section */

/* Begin XCConfigurationList section */
		CBEE67261AFECEF0001390D1 /* Build configuration list for PBXProject "RowdenSnowbot" */ = {
			isa = XCConfigurationList;
			buildConfigurations = (
				CBEE674C1AFECEF0001390D1 /* Debug */,
				CBEE674D1AFECEF0001390D1 /* Release */,
			);
			defaultConfigurationIsVisible = 0;
			defaultConfigurationName = Release;
		};
		CBEE674E1AFECEF0001390D1 /* Build configuration list for PBXNativeTarget "RowdenSnowbot" */ = {
			isa = XCConfigurationList;
			buildConfigurations = (
				CBEE674F1AFECEF0001390D1 /* Debug */,
				CBEE67501AFECEF0001390D1 /* Release */,
			);
			defaultConfigurationIsVisible = 0;
			defaultConfigurationName = Release;
		};
		CBEE67511AFECEF0001390D1 /* Build configuration list for PBXNativeTarget "RowdenSnowbotTests" */ = {
			isa = XCConfigurationList;
			buildConfigurations = (
				CBEE67521AFECEF0001390D1 /* Debug */,
				CBEE67531AFECEF0001390D1 /* Release */,
			);
			defaultConfigurationIsVisible = 0;
			defaultConfigurationName = Release;
		};
/* End XCConfigurationList section */
	};
	rootObject = CBEE67231AFECEF0001390D1 /* Project object */;
}
